
Microsoft Visual Studio Solution File, Format Version 12.00
# Visual Studio Version 16
VisualStudioVersion = 16.0.30621.155
MinimumVisualStudioVersion = 10.0.40219.1
Project("{9A19103F-16F7-4668-BE54-9A1E7A4F7556}") = "IronPython", "ironpython2\Src\IronPython\IronPython.csproj", "{EF1AAB11-9B0A-41D1-8CB1-3103879C6DC2}"
EndProject
Project("{9A19103F-16F7-4668-BE54-9A1E7A4F7556}") = "IronPython.Modules", "ironpython2\Src\IronPython.Modules\IronPython.Modules.csproj", "{4B8AB57F-646F-4A22-BE94-B3EB9CCA65FF}"
EndProject
Project("{9A19103F-16F7-4668-BE54-9A1E7A4F7556}") = "UwpExtension", "ironpython2\Src\UwpExtension\UwpExtension.csproj", "{8880B7AD-C545-4706-AF3C-5E0C88B97876}"
EndProject
Project("{9A19103F-16F7-4668-BE54-9A1E7A4F7556}") = "AnyPrefix.Microsoft.Dynamic", "ironpython2\Src\DLR\Src\Microsoft.Dynamic\AnyPrefix.Microsoft.Dynamic.csproj", "{9EF830D6-8419-4692-9335-5FDE8B72B496}"
EndProject
Project("{9A19103F-16F7-4668-BE54-9A1E7A4F7556}") = "AnyPrefix.Microsoft.Scripting", "ironpython2\Src\DLR\Src\Microsoft.Scripting\AnyPrefix.Microsoft.Scripting.csproj", "{A5C10A2D-EA22-43C1-96FF-40AE3DB55114}"
EndProject
Project("{9A19103F-16F7-4668-BE54-9A1E7A4F7556}") = "AnyPrefix.Microsoft.Scripting.Metadata", "ironpython2\Src\DLR\Src\Microsoft.Scripting.Metadata\AnyPrefix.Microsoft.Scripting.Metadata.csproj", "{6A60B289-67FA-44F5-9702-2A49A5DDD336}"
EndProject
Project("{FAE04EC0-301F-11D3-BF4B-00C04F79EFBC}") = "PythonRange_Crash", "PythonRange_Crash\PythonRange_Crash.csproj", "{AD8EF8EE-C8BF-4F40-9065-1EE4347CD440}"
EndProject
Global
	GlobalSection(SolutionConfigurationPlatforms) = preSolution
		Debug|Any CPU = Debug|Any CPU
		Debug|ARM = Debug|ARM
		Debug|ARM64 = Debug|ARM64
		Debug|x64 = Debug|x64
		Debug|x86 = Debug|x86
		FxCop|Any CPU = FxCop|Any CPU
		FxCop|ARM = FxCop|ARM
		FxCop|ARM64 = FxCop|ARM64
		FxCop|x64 = FxCop|x64
		FxCop|x86 = FxCop|x86
		Release|Any CPU = Release|Any CPU
		Release|ARM = Release|ARM
		Release|ARM64 = Release|ARM64
		Release|x64 = Release|x64
		Release|x86 = Release|x86
	EndGlobalSection
	GlobalSection(ProjectConfigurationPlatforms) = postSolution
		{EF1AAB11-9B0A-41D1-8CB1-3103879C6DC2}.Debug|Any CPU.ActiveCfg = Debug|Any CPU
		{EF1AAB11-9B0A-41D1-8CB1-3103879C6DC2}.Debug|Any CPU.Build.0 = Debug|Any CPU
		{EF1AAB11-9B0A-41D1-8CB1-3103879C6DC2}.Debug|ARM.ActiveCfg = Debug|Any CPU
		{EF1AAB11-9B0A-41D1-8CB1-3103879C6DC2}.Debug|ARM.Build.0 = Debug|Any CPU
		{EF1AAB11-9B0A-41D1-8CB1-3103879C6DC2}.Debug|ARM64.ActiveCfg = Debug|Any CPU
		{EF1AAB11-9B0A-41D1-8CB1-3103879C6DC2}.Debug|ARM64.Build.0 = Debug|Any CPU
		{EF1AAB11-9B0A-41D1-8CB1-3103879C6DC2}.Debug|x64.ActiveCfg = Debug|x64
		{EF1AAB11-9B0A-41D1-8CB1-3103879C6DC2}.Debug|x64.Build.0 = Debug|x64
		{EF1AAB11-9B0A-41D1-8CB1-3103879C6DC2}.Debug|x86.ActiveCfg = Debug|Any CPU
		{EF1AAB11-9B0A-41D1-8CB1-3103879C6DC2}.Debug|x86.Build.0 = Debug|Any CPU
		{EF1AAB11-9B0A-41D1-8CB1-3103879C6DC2}.FxCop|Any CPU.ActiveCfg = Release|Any CPU
		{EF1AAB11-9B0A-41D1-8CB1-3103879C6DC2}.FxCop|Any CPU.Build.0 = Release|Any CPU
		{EF1AAB11-9B0A-41D1-8CB1-3103879C6DC2}.FxCop|ARM.ActiveCfg = Release|Any CPU
		{EF1AAB11-9B0A-41D1-8CB1-3103879C6DC2}.FxCop|ARM.Build.0 = Release|Any CPU
		{EF1AAB11-9B0A-41D1-8CB1-3103879C6DC2}.FxCop|ARM64.ActiveCfg = Release|Any CPU
		{EF1AAB11-9B0A-41D1-8CB1-3103879C6DC2}.FxCop|ARM64.Build.0 = Release|Any CPU
		{EF1AAB11-9B0A-41D1-8CB1-3103879C6DC2}.FxCop|x64.ActiveCfg = Release|x64
		{EF1AAB11-9B0A-41D1-8CB1-3103879C6DC2}.FxCop|x64.Build.0 = Release|x64
		{EF1AAB11-9B0A-41D1-8CB1-3103879C6DC2}.FxCop|x86.ActiveCfg = Release|Any CPU
		{EF1AAB11-9B0A-41D1-8CB1-3103879C6DC2}.FxCop|x86.Build.0 = Release|Any CPU
		{EF1AAB11-9B0A-41D1-8CB1-3103879C6DC2}.Release|Any CPU.ActiveCfg = Release|Any CPU
		{EF1AAB11-9B0A-41D1-8CB1-3103879C6DC2}.Release|Any CPU.Build.0 = Release|Any CPU
		{EF1AAB11-9B0A-41D1-8CB1-3103879C6DC2}.Release|ARM.ActiveCfg = Release|Any CPU
		{EF1AAB11-9B0A-41D1-8CB1-3103879C6DC2}.Release|ARM.Build.0 = Release|Any CPU
		{EF1AAB11-9B0A-41D1-8CB1-3103879C6DC2}.Release|ARM64.ActiveCfg = Release|Any CPU
		{EF1AAB11-9B0A-41D1-8CB1-3103879C6DC2}.Release|ARM64.Build.0 = Release|Any CPU
		{EF1AAB11-9B0A-41D1-8CB1-3103879C6DC2}.Release|x64.ActiveCfg = Release|x64
		{EF1AAB11-9B0A-41D1-8CB1-3103879C6DC2}.Release|x64.Build.0 = Release|x64
		{EF1AAB11-9B0A-41D1-8CB1-3103879C6DC2}.Release|x86.ActiveCfg = Release|Any CPU
		{EF1AAB11-9B0A-41D1-8CB1-3103879C6DC2}.Release|x86.Build.0 = Release|Any CPU
		{4B8AB57F-646F-4A22-BE94-B3EB9CCA65FF}.Debug|Any CPU.ActiveCfg = Debug|Any CPU
		{4B8AB57F-646F-4A22-BE94-B3EB9CCA65FF}.Debug|Any CPU.Build.0 = Debug|Any CPU
		{4B8AB57F-646F-4A22-BE94-B3EB9CCA65FF}.Debug|ARM.ActiveCfg = Debug|Any CPU
		{4B8AB57F-646F-4A22-BE94-B3EB9CCA65FF}.Debug|ARM.Build.0 = Debug|Any CPU
		{4B8AB57F-646F-4A22-BE94-B3EB9CCA65FF}.Debug|ARM64.ActiveCfg = Debug|Any CPU
		{4B8AB57F-646F-4A22-BE94-B3EB9CCA65FF}.Debug|ARM64.Build.0 = Debug|Any CPU
		{4B8AB57F-646F-4A22-BE94-B3EB9CCA65FF}.Debug|x64.ActiveCfg = Debug|x64
		{4B8AB57F-646F-4A22-BE94-B3EB9CCA65FF}.Debug|x64.Build.0 = Debug|x64
		{4B8AB57F-646F-4A22-BE94-B3EB9CCA65FF}.Debug|x86.ActiveCfg = Debug|Any CPU
		{4B8AB57F-646F-4A22-BE94-B3EB9CCA65FF}.Debug|x86.Build.0 = Debug|Any CPU
		{4B8AB57F-646F-4A22-BE94-B3EB9CCA65FF}.FxCop|Any CPU.ActiveCfg = Release|Any CPU
		{4B8AB57F-646F-4A22-BE94-B3EB9CCA65FF}.FxCop|Any CPU.Build.0 = Release|Any CPU
		{4B8AB57F-646F-4A22-BE94-B3EB9CCA65FF}.FxCop|ARM.ActiveCfg = Release|Any CPU
		{4B8AB57F-646F-4A22-BE94-B3EB9CCA65FF}.FxCop|ARM.Build.0 = Release|Any CPU
		{4B8AB57F-646F-4A22-BE94-B3EB9CCA65FF}.FxCop|ARM64.ActiveCfg = Release|Any CPU
		{4B8AB57F-646F-4A22-BE94-B3EB9CCA65FF}.FxCop|ARM64.Build.0 = Release|Any CPU
		{4B8AB57F-646F-4A22-BE94-B3EB9CCA65FF}.FxCop|x64.ActiveCfg = Release|x64
		{4B8AB57F-646F-4A22-BE94-B3EB9CCA65FF}.FxCop|x64.Build.0 = Release|x64
		{4B8AB57F-646F-4A22-BE94-B3EB9CCA65FF}.FxCop|x86.ActiveCfg = Release|Any CPU
		{4B8AB57F-646F-4A22-BE94-B3EB9CCA65FF}.FxCop|x86.Build.0 = Release|Any CPU
		{4B8AB57F-646F-4A22-BE94-B3EB9CCA65FF}.Release|Any CPU.ActiveCfg = Release|Any CPU
		{4B8AB57F-646F-4A22-BE94-B3EB9CCA65FF}.Release|Any CPU.Build.0 = Release|Any CPU
		{4B8AB57F-646F-4A22-BE94-B3EB9CCA65FF}.Release|ARM.ActiveCfg = Release|Any CPU
		{4B8AB57F-646F-4A22-BE94-B3EB9CCA65FF}.Release|ARM.Build.0 = Release|Any CPU
		{4B8AB57F-646F-4A22-BE94-B3EB9CCA65FF}.Release|ARM64.ActiveCfg = Release|Any CPU
		{4B8AB57F-646F-4A22-BE94-B3EB9CCA65FF}.Release|ARM64.Build.0 = Release|Any CPU
		{4B8AB57F-646F-4A22-BE94-B3EB9CCA65FF}.Release|x64.ActiveCfg = Release|x64
		{4B8AB57F-646F-4A22-BE94-B3EB9CCA65FF}.Release|x64.Build.0 = Release|x64
		{4B8AB57F-646F-4A22-BE94-B3EB9CCA65FF}.Release|x86.ActiveCfg = Release|Any CPU
		{4B8AB57F-646F-4A22-BE94-B3EB9CCA65FF}.Release|x86.Build.0 = Release|Any CPU
		{8880B7AD-C545-4706-AF3C-5E0C88B97876}.Debug|Any CPU.ActiveCfg = Debug|Any CPU
		{8880B7AD-C545-4706-AF3C-5E0C88B97876}.Debug|Any CPU.Build.0 = Debug|Any CPU
		{8880B7AD-C545-4706-AF3C-5E0C88B97876}.Debug|ARM.ActiveCfg = Debug|Any CPU
		{8880B7AD-C545-4706-AF3C-5E0C88B97876}.Debug|ARM.Build.0 = Debug|Any CPU
		{8880B7AD-C545-4706-AF3C-5E0C88B97876}.Debug|ARM64.ActiveCfg = Debug|Any CPU
		{8880B7AD-C545-4706-AF3C-5E0C88B97876}.Debug|ARM64.Build.0 = Debug|Any CPU
		{8880B7AD-C545-4706-AF3C-5E0C88B97876}.Debug|x64.ActiveCfg = Debug|Any CPU
		{8880B7AD-C545-4706-AF3C-5E0C88B97876}.Debug|x64.Build.0 = Debug|Any CPU
		{8880B7AD-C545-4706-AF3C-5E0C88B97876}.Debug|x86.ActiveCfg = Debug|Any CPU
		{8880B7AD-C545-4706-AF3C-5E0C88B97876}.Debug|x86.Build.0 = Debug|Any CPU
		{8880B7AD-C545-4706-AF3C-5E0C88B97876}.FxCop|Any CPU.ActiveCfg = Release|Any CPU
		{8880B7AD-C545-4706-AF3C-5E0C88B97876}.FxCop|Any CPU.Build.0 = Release|Any CPU
		{8880B7AD-C545-4706-AF3C-5E0C88B97876}.FxCop|ARM.ActiveCfg = Release|Any CPU
		{8880B7AD-C545-4706-AF3C-5E0C88B97876}.FxCop|ARM.Build.0 = Release|Any CPU
		{8880B7AD-C545-4706-AF3C-5E0C88B97876}.FxCop|ARM64.ActiveCfg = Release|Any CPU
		{8880B7AD-C545-4706-AF3C-5E0C88B97876}.FxCop|ARM64.Build.0 = Release|Any CPU
		{8880B7AD-C545-4706-AF3C-5E0C88B97876}.FxCop|x64.ActiveCfg = Release|Any CPU
		{8880B7AD-C545-4706-AF3C-5E0C88B97876}.FxCop|x64.Build.0 = Release|Any CPU
		{8880B7AD-C545-4706-AF3C-5E0C88B97876}.FxCop|x86.ActiveCfg = Release|Any CPU
		{8880B7AD-C545-4706-AF3C-5E0C88B97876}.FxCop|x86.Build.0 = Release|Any CPU
		{8880B7AD-C545-4706-AF3C-5E0C88B97876}.Release|Any CPU.ActiveCfg = Release|Any CPU
		{8880B7AD-C545-4706-AF3C-5E0C88B97876}.Release|Any CPU.Build.0 = Release|Any CPU
		{8880B7AD-C545-4706-AF3C-5E0C88B97876}.Release|ARM.ActiveCfg = Release|Any CPU
		{8880B7AD-C545-4706-AF3C-5E0C88B97876}.Release|ARM.Build.0 = Release|Any CPU
		{8880B7AD-C545-4706-AF3C-5E0C88B97876}.Release|ARM64.ActiveCfg = Release|Any CPU
		{8880B7AD-C545-4706-AF3C-5E0C88B97876}.Release|ARM64.Build.0 = Release|Any CPU
		{8880B7AD-C545-4706-AF3C-5E0C88B97876}.Release|x64.ActiveCfg = Release|Any CPU
		{8880B7AD-C545-4706-AF3C-5E0C88B97876}.Release|x64.Build.0 = Release|Any CPU
		{8880B7AD-C545-4706-AF3C-5E0C88B97876}.Release|x86.ActiveCfg = Release|Any CPU
		{8880B7AD-C545-4706-AF3C-5E0C88B97876}.Release|x86.Build.0 = Release|Any CPU
		{9EF830D6-8419-4692-9335-5FDE8B72B496}.Debug|Any CPU.ActiveCfg = Debug|Any CPU
		{9EF830D6-8419-4692-9335-5FDE8B72B496}.Debug|Any CPU.Build.0 = Debug|Any CPU
		{9EF830D6-8419-4692-9335-5FDE8B72B496}.Debug|ARM.ActiveCfg = Debug|Any CPU
		{9EF830D6-8419-4692-9335-5FDE8B72B496}.Debug|ARM.Build.0 = Debug|Any CPU
		{9EF830D6-8419-4692-9335-5FDE8B72B496}.Debug|ARM64.ActiveCfg = Debug|Any CPU
		{9EF830D6-8419-4692-9335-5FDE8B72B496}.Debug|ARM64.Build.0 = Debug|Any CPU
		{9EF830D6-8419-4692-9335-5FDE8B72B496}.Debug|x64.ActiveCfg = Debug|x64
		{9EF830D6-8419-4692-9335-5FDE8B72B496}.Debug|x64.Build.0 = Debug|x64
		{9EF830D6-8419-4692-9335-5FDE8B72B496}.Debug|x86.ActiveCfg = Debug|Any CPU
		{9EF830D6-8419-4692-9335-5FDE8B72B496}.Debug|x86.Build.0 = Debug|Any CPU
		{9EF830D6-8419-4692-9335-5FDE8B72B496}.FxCop|Any CPU.ActiveCfg = Release|Any CPU
		{9EF830D6-8419-4692-9335-5FDE8B72B496}.FxCop|Any CPU.Build.0 = Release|Any CPU
		{9EF830D6-8419-4692-9335-5FDE8B72B496}.FxCop|ARM.ActiveCfg = Release|Any CPU
		{9EF830D6-8419-4692-9335-5FDE8B72B496}.FxCop|ARM.Build.0 = Release|Any CPU
		{9EF830D6-8419-4692-9335-5FDE8B72B496}.FxCop|ARM64.ActiveCfg = Release|Any CPU
		{9EF830D6-8419-4692-9335-5FDE8B72B496}.FxCop|ARM64.Build.0 = Release|Any CPU
		{9EF830D6-8419-4692-9335-5FDE8B72B496}.FxCop|x64.ActiveCfg = Release|x64
		{9EF830D6-8419-4692-9335-5FDE8B72B496}.FxCop|x64.Build.0 = Release|x64
		{9EF830D6-8419-4692-9335-5FDE8B72B496}.FxCop|x86.ActiveCfg = Release|Any CPU
		{9EF830D6-8419-4692-9335-5FDE8B72B496}.FxCop|x86.Build.0 = Release|Any CPU
		{9EF830D6-8419-4692-9335-5FDE8B72B496}.Release|Any CPU.ActiveCfg = Release|Any CPU
		{9EF830D6-8419-4692-9335-5FDE8B72B496}.Release|Any CPU.Build.0 = Release|Any CPU
		{9EF830D6-8419-4692-9335-5FDE8B72B496}.Release|ARM.ActiveCfg = Release|Any CPU
		{9EF830D6-8419-4692-9335-5FDE8B72B496}.Release|ARM.Build.0 = Release|Any CPU
		{9EF830D6-8419-4692-9335-5FDE8B72B496}.Release|ARM64.ActiveCfg = Release|Any CPU
		{9EF830D6-8419-4692-9335-5FDE8B72B496}.Release|ARM64.Build.0 = Release|Any CPU
		{9EF830D6-8419-4692-9335-5FDE8B72B496}.Release|x64.ActiveCfg = Release|x64
		{9EF830D6-8419-4692-9335-5FDE8B72B496}.Release|x64.Build.0 = Release|x64
		{9EF830D6-8419-4692-9335-5FDE8B72B496}.Release|x86.ActiveCfg = Release|Any CPU
		{9EF830D6-8419-4692-9335-5FDE8B72B496}.Release|x86.Build.0 = Release|Any CPU
		{A5C10A2D-EA22-43C1-96FF-40AE3DB55114}.Debug|Any CPU.ActiveCfg = Debug|Any CPU
		{A5C10A2D-EA22-43C1-96FF-40AE3DB55114}.Debug|Any CPU.Build.0 = Debug|Any CPU
		{A5C10A2D-EA22-43C1-96FF-40AE3DB55114}.Debug|ARM.ActiveCfg = Debug|Any CPU
		{A5C10A2D-EA22-43C1-96FF-40AE3DB55114}.Debug|ARM.Build.0 = Debug|Any CPU
		{A5C10A2D-EA22-43C1-96FF-40AE3DB55114}.Debug|ARM64.ActiveCfg = Debug|Any CPU
		{A5C10A2D-EA22-43C1-96FF-40AE3DB55114}.Debug|ARM64.Build.0 = Debug|Any CPU
		{A5C10A2D-EA22-43C1-96FF-40AE3DB55114}.Debug|x64.ActiveCfg = Debug|x64
		{A5C10A2D-EA22-43C1-96FF-40AE3DB55114}.Debug|x64.Build.0 = Debug|x64
		{A5C10A2D-EA22-43C1-96FF-40AE3DB55114}.Debug|x86.ActiveCfg = Debug|Any CPU
		{A5C10A2D-EA22-43C1-96FF-40AE3DB55114}.Debug|x86.Build.0 = Debug|Any CPU
		{A5C10A2D-EA22-43C1-96FF-40AE3DB55114}.FxCop|Any CPU.ActiveCfg = Release|Any CPU
		{A5C10A2D-EA22-43C1-96FF-40AE3DB55114}.FxCop|Any CPU.Build.0 = Release|Any CPU
		{A5C10A2D-EA22-43C1-96FF-40AE3DB55114}.FxCop|ARM.ActiveCfg = Release|Any CPU
		{A5C10A2D-EA22-43C1-96FF-40AE3DB55114}.FxCop|ARM.Build.0 = Release|Any CPU
		{A5C10A2D-EA22-43C1-96FF-40AE3DB55114}.FxCop|ARM64.ActiveCfg = Release|Any CPU
		{A5C10A2D-EA22-43C1-96FF-40AE3DB55114}.FxCop|ARM64.Build.0 = Release|Any CPU
		{A5C10A2D-EA22-43C1-96FF-40AE3DB55114}.FxCop|x64.ActiveCfg = Release|x64
		{A5C10A2D-EA22-43C1-96FF-40AE3DB55114}.FxCop|x64.Build.0 = Release|x64
		{A5C10A2D-EA22-43C1-96FF-40AE3DB55114}.FxCop|x86.ActiveCfg = Release|Any CPU
		{A5C10A2D-EA22-43C1-96FF-40AE3DB55114}.FxCop|x86.Build.0 = Release|Any CPU
		{A5C10A2D-EA22-43C1-96FF-40AE3DB55114}.Release|Any CPU.ActiveCfg = Release|Any CPU
		{A5C10A2D-EA22-43C1-96FF-40AE3DB55114}.Release|Any CPU.Build.0 = Release|Any CPU
		{A5C10A2D-EA22-43C1-96FF-40AE3DB55114}.Release|ARM.ActiveCfg = Release|Any CPU
		{A5C10A2D-EA22-43C1-96FF-40AE3DB55114}.Release|ARM.Build.0 = Release|Any CPU
		{A5C10A2D-EA22-43C1-96FF-40AE3DB55114}.Release|ARM64.ActiveCfg = Release|Any CPU
		{A5C10A2D-EA22-43C1-96FF-40AE3DB55114}.Release|ARM64.Build.0 = Release|Any CPU
		{A5C10A2D-EA22-43C1-96FF-40AE3DB55114}.Release|x64.ActiveCfg = Release|x64
		{A5C10A2D-EA22-43C1-96FF-40AE3DB55114}.Release|x64.Build.0 = Release|x64
		{A5C10A2D-EA22-43C1-96FF-40AE3DB55114}.Release|x86.ActiveCfg = Release|Any CPU
		{A5C10A2D-EA22-43C1-96FF-40AE3DB55114}.Release|x86.Build.0 = Release|Any CPU
		{6A60B289-67FA-44F5-9702-2A49A5DDD336}.Debug|Any CPU.ActiveCfg = Debug|Any CPU
		{6A60B289-67FA-44F5-9702-2A49A5DDD336}.Debug|Any CPU.Build.0 = Debug|Any CPU
		{6A60B289-67FA-44F5-9702-2A49A5DDD336}.Debug|ARM.ActiveCfg = Debug|Any CPU
		{6A60B289-67FA-44F5-9702-2A49A5DDD336}.Debug|ARM.Build.0 = Debug|Any CPU
		{6A60B289-67FA-44F5-9702-2A49A5DDD336}.Debug|ARM64.ActiveCfg = Debug|Any CPU
		{6A60B289-67FA-44F5-9702-2A49A5DDD336}.Debug|ARM64.Build.0 = Debug|Any CPU
		{6A60B289-67FA-44F5-9702-2A49A5DDD336}.Debug|x64.ActiveCfg = Debug|x64
		{6A60B289-67FA-44F5-9702-2A49A5DDD336}.Debug|x64.Build.0 = Debug|x64
		{6A60B289-67FA-44F5-9702-2A49A5DDD336}.Debug|x86.ActiveCfg = Debug|Any CPU
		{6A60B289-67FA-44F5-9702-2A49A5DDD336}.Debug|x86.Build.0 = Debug|Any CPU
		{6A60B289-67FA-44F5-9702-2A49A5DDD336}.FxCop|Any CPU.ActiveCfg = Release|Any CPU
		{6A60B289-67FA-44F5-9702-2A49A5DDD336}.FxCop|Any CPU.Build.0 = Release|Any CPU
		{6A60B289-67FA-44F5-9702-2A49A5DDD336}.FxCop|ARM.ActiveCfg = Release|Any CPU
		{6A60B289-67FA-44F5-9702-2A49A5DDD336}.FxCop|ARM.Build.0 = Release|Any CPU
		{6A60B289-67FA-44F5-9702-2A49A5DDD336}.FxCop|ARM64.ActiveCfg = Release|Any CPU
		{6A60B289-67FA-44F5-9702-2A49A5DDD336}.FxCop|ARM64.Build.0 = Release|Any CPU
		{6A60B289-67FA-44F5-9702-2A49A5DDD336}.FxCop|x64.ActiveCfg = Release|x64
		{6A60B289-67FA-44F5-9702-2A49A5DDD336}.FxCop|x64.Build.0 = Release|x64
		{6A60B289-67FA-44F5-9702-2A49A5DDD336}.FxCop|x86.ActiveCfg = Release|Any CPU
		{6A60B289-67FA-44F5-9702-2A49A5DDD336}.FxCop|x86.Build.0 = Release|Any CPU
		{6A60B289-67FA-44F5-9702-2A49A5DDD336}.Release|Any CPU.ActiveCfg = Release|Any CPU
		{6A60B289-67FA-44F5-9702-2A49A5DDD336}.Release|Any CPU.Build.0 = Release|Any CPU
		{6A60B289-67FA-44F5-9702-2A49A5DDD336}.Release|ARM.ActiveCfg = Release|Any CPU
		{6A60B289-67FA-44F5-9702-2A49A5DDD336}.Release|ARM.Build.0 = Release|Any CPU
		{6A60B289-67FA-44F5-9702-2A49A5DDD336}.Release|ARM64.ActiveCfg = Release|Any CPU
		{6A60B289-67FA-44F5-9702-2A49A5DDD336}.Release|ARM64.Build.0 = Release|Any CPU
		{6A60B289-67FA-44F5-9702-2A49A5DDD336}.Release|x64.ActiveCfg = Release|x64
		{6A60B289-67FA-44F5-9702-2A49A5DDD336}.Release|x64.Build.0 = Release|x64
		{6A60B289-67FA-44F5-9702-2A49A5DDD336}.Release|x86.ActiveCfg = Release|Any CPU
		{6A60B289-67FA-44F5-9702-2A49A5DDD336}.Release|x86.Build.0 = Release|Any CPU
		{AD8EF8EE-C8BF-4F40-9065-1EE4347CD440}.Debug|Any CPU.ActiveCfg = Debug|Any CPU
		{AD8EF8EE-C8BF-4F40-9065-1EE4347CD440}.Debug|Any CPU.Build.0 = Debug|Any CPU
		{AD8EF8EE-C8BF-4F40-9065-1EE4347CD440}.Debug|Any CPU.Deploy.0 = Debug|Any CPU
		{AD8EF8EE-C8BF-4F40-9065-1EE4347CD440}.Debug|ARM.ActiveCfg = Debug|ARM
		{AD8EF8EE-C8BF-4F40-9065-1EE4347CD440}.Debug|ARM.Build.0 = Debug|ARM
		{AD8EF8EE-C8BF-4F40-9065-1EE4347CD440}.Debug|ARM.Deploy.0 = Debug|ARM
		{AD8EF8EE-C8BF-4F40-9065-1EE4347CD440}.Debug|ARM64.ActiveCfg = Debug|ARM64
		{AD8EF8EE-C8BF-4F40-9065-1EE4347CD440}.Debug|ARM64.Build.0 = Debug|ARM64
		{AD8EF8EE-C8BF-4F40-9065-1EE4347CD440}.Debug|ARM64.Deploy.0 = Debug|ARM64
		{AD8EF8EE-C8BF-4F40-9065-1EE4347CD440}.Debug|x64.ActiveCfg = Debug|x64
		{AD8EF8EE-C8BF-4F40-9065-1EE4347CD440}.Debug|x64.Build.0 = Debug|x64
		{AD8EF8EE-C8BF-4F40-9065-1EE4347CD440}.Debug|x64.Deploy.0 = Debug|x64
		{AD8EF8EE-C8BF-4F40-9065-1EE4347CD440}.Debug|x86.ActiveCfg = Debug|x86
		{AD8EF8EE-C8BF-4F40-9065-1EE4347CD440}.Debug|x86.Build.0 = Debug|x86
		{AD8EF8EE-C8BF-4F40-9065-1EE4347CD440}.Debug|x86.Deploy.0 = Debug|x86
		{AD8EF8EE-C8BF-4F40-9065-1EE4347CD440}.FxCop|Any CPU.ActiveCfg = FxCop|Any CPU
		{AD8EF8EE-C8BF-4F40-9065-1EE4347CD440}.FxCop|Any CPU.Build.0 = FxCop|Any CPU
		{AD8EF8EE-C8BF-4F40-9065-1EE4347CD440}.FxCop|Any CPU.Deploy.0 = FxCop|Any CPU
		{AD8EF8EE-C8BF-4F40-9065-1EE4347CD440}.FxCop|ARM.ActiveCfg = FxCop|ARM
		{AD8EF8EE-C8BF-4F40-9065-1EE4347CD440}.FxCop|ARM.Build.0 = FxCop|ARM
		{AD8EF8EE-C8BF-4F40-9065-1EE4347CD440}.FxCop|ARM.Deploy.0 = FxCop|ARM
		{AD8EF8EE-C8BF-4F40-9065-1EE4347CD440}.FxCop|ARM64.ActiveCfg = FxCop|ARM64
		{AD8EF8EE-C8BF-4F40-9065-1EE4347CD440}.FxCop|ARM64.Build.0 = FxCop|ARM64
		{AD8EF8EE-C8BF-4F40-9065-1EE4347CD440}.FxCop|ARM64.Deploy.0 = FxCop|ARM64
		{AD8EF8EE-C8BF-4F40-9065-1EE4347CD440}.FxCop|x64.ActiveCfg = FxCop|x64
		{AD8EF8EE-C8BF-4F40-9065-1EE4347CD440}.FxCop|x64.Build.0 = FxCop|x64
		{AD8EF8EE-C8BF-4F40-9065-1EE4347CD440}.FxCop|x64.Deploy.0 = FxCop|x64
		{AD8EF8EE-C8BF-4F40-9065-1EE4347CD440}.FxCop|x86.ActiveCfg = FxCop|x86
		{AD8EF8EE-C8BF-4F40-9065-1EE4347CD440}.FxCop|x86.Build.0 = FxCop|x86
		{AD8EF8EE-C8BF-4F40-9065-1EE4347CD440}.FxCop|x86.Deploy.0 = FxCop|x86
		{AD8EF8EE-C8BF-4F40-9065-1EE4347CD440}.Release|Any CPU.ActiveCfg = Release|Any CPU
		{AD8EF8EE-C8BF-4F40-9065-1EE4347CD440}.Release|Any CPU.Build.0 = Release|Any CPU
		{AD8EF8EE-C8BF-4F40-9065-1EE4347CD440}.Release|Any CPU.Deploy.0 = Release|Any CPU
		{AD8EF8EE-C8BF-4F40-9065-1EE4347CD440}.Release|ARM.ActiveCfg = Release|ARM
		{AD8EF8EE-C8BF-4F40-9065-1EE4347CD440}.Release|ARM.Build.0 = Release|ARM
		{AD8EF8EE-C8BF-4F40-9065-1EE4347CD440}.Release|ARM.Deploy.0 = Release|ARM
		{AD8EF8EE-C8BF-4F40-9065-1EE4347CD440}.Release|ARM64.ActiveCfg = Release|ARM64
		{AD8EF8EE-C8BF-4F40-9065-1EE4347CD440}.Release|ARM64.Build.0 = Release|ARM64
		{AD8EF8EE-C8BF-4F40-9065-1EE4347CD440}.Release|ARM64.Deploy.0 = Release|ARM64
		{AD8EF8EE-C8BF-4F40-9065-1EE4347CD440}.Release|x64.ActiveCfg = Release|x64
		{AD8EF8EE-C8BF-4F40-9065-1EE4347CD440}.Release|x64.Build.0 = Release|x64
		{AD8EF8EE-C8BF-4F40-9065-1EE4347CD440}.Release|x64.Deploy.0 = Release|x64
		{AD8EF8EE-C8BF-4F40-9065-1EE4347CD440}.Release|x86.ActiveCfg = Release|x86
		{AD8EF8EE-C8BF-4F40-9065-1EE4347CD440}.Release|x86.Build.0 = Release|x86
		{AD8EF8EE-C8BF-4F40-9065-1EE4347CD440}.Release|x86.Deploy.0 = Release|x86
	EndGlobalSection
	GlobalSection(SolutionProperties) = preSolution
		HideSolutionNode = FALSE
	EndGlobalSection
	GlobalSection(ExtensibilityGlobals) = postSolution
		SolutionGuid = {1B8BE15B-AAD9-4749-95B9-A0FA532BC148}
	EndGlobalSection
EndGlobal
